
Microsoft Visual Studio Solution File, Format Version 12.00
# Visual Studio Version 17
VisualStudioVersion = 17.0.32014.148
MinimumVisualStudioVersion = 10.0.40219.1
Project("{FAE04EC0-301F-11D3-BF4B-00C04F79EFBC}") = "QuestionPicker", "QuestionPicker\QuestionPicker.csproj", "{AFC3B54E-6C2E-45AD-90EE-7E65494B8451}"
EndProject
Global
	GlobalSection(SolutionConfigurationPlatforms) = preSolution
		Debug|Any CPU = Debug|Any CPU
		Release|Any CPU = Release|Any CPU
	EndGlobalSection
	GlobalSection(ProjectConfigurationPlatforms) = postSolution
		{AFC3B54E-6C2E-45AD-90EE-7E65494B8451}.Debug|Any CPU.ActiveCfg = Debug|Any CPU
		{AFC3B54E-6C2E-45AD-90EE-7E65494B8451}.Debug|Any CPU.Build.0 = Debug|Any CPU
		{AFC3B54E-6C2E-45AD-90EE-7E65494B8451}.Release|Any CPU.ActiveCfg = Release|Any CPU
		{AFC3B54E-6C2E-45AD-90EE-7E65494B8451}.Release|Any CPU.Build.0 = Release|Any CPU
	EndGlobalSection
	GlobalSection(SolutionProperties) = preSolution
		HideSolutionNode = FALSE
	EndGlobalSection
	GlobalSection(ExtensibilityGlobals) = postSolution
		SolutionGuid = {D47338B0-30C2-4394-B0BA-DAB7AA81B793}
	EndGlobalSection
EndGlobal
